
Microsoft Visual Studio Solution File, Format Version 12.00
# Visual Studio Version 17
VisualStudioVersion = 17.8.34525.116
MinimumVisualStudioVersion = 10.0.40219.1
Project("{FAE04EC0-301F-11D3-BF4B-00C04F79EFBC}") = "Ecommerce", "Ecommerce\Ecommerce.csproj", "{D84D610C-8106-4195-B67E-DFA7E1C94B1D}"
EndProject
Global
	GlobalSection(SolutionConfigurationPlatforms) = preSolution
		Debug|Any CPU = Debug|Any CPU
		Release|Any CPU = Release|Any CPU
	EndGlobalSection
	GlobalSection(ProjectConfigurationPlatforms) = postSolution
		{D84D610C-8106-4195-B67E-DFA7E1C94B1D}.Debug|Any CPU.ActiveCfg = Debug|Any CPU
		{D84D610C-8106-4195-B67E-DFA7E1C94B1D}.Debug|Any CPU.Build.0 = Debug|Any CPU
		{D84D610C-8106-4195-B67E-DFA7E1C94B1D}.Release|Any CPU.ActiveCfg = Release|Any CPU
		{D84D610C-8106-4195-B67E-DFA7E1C94B1D}.Release|Any CPU.Build.0 = Release|Any CPU
	EndGlobalSection
	GlobalSection(SolutionProperties) = preSolution
		HideSolutionNode = FALSE
	EndGlobalSection
	GlobalSection(ExtensibilityGlobals) = postSolution
		SolutionGuid = {1B9DB8B0-E9D4-4008-BF46-B1D7FB8FBC9B}
	EndGlobalSection
EndGlobal
